<Solution>
  <Folder Name="/src/" />
  <Folder Name="/src/BuildingBlocks/">
    <Project Path="src/BuildingBlocks/BuildingBlocks.Application/BuildingBlocks.Application.csproj" />
    <Project Path="src/BuildingBlocks/BuildingBlocks.Domain/BuildingBlocks.Domain.csproj" />
    <Project Path="src/BuildingBlocks/BuildingBlocks.Infrastructure/BuildingBlocks.Infrastructure.csproj" />
  </Folder>
  <Folder Name="/src/Host/">
    <Project Path="src/Host/Azkar.Api/Azkar.Api.csproj" />
  </Folder>
  <Folder Name="/src/Modules/" />
  <Folder Name="/src/Modules/Adhkar/">
    <Project Path="src/Modules/Adhkar/Adhkar.Application/Adhkar.Application.csproj" />
    <Project Path="src/Modules/Adhkar/Adhkar.Domain/Adhkar.Domain.csproj" />
    <Project Path="src/Modules/Adhkar/Adhkar.Infrastructure/Adhkar.Infrastructure.csproj" />
  </Folder>
  <Folder Name="/src/Modules/Administration/">
    <Project Path="src/Modules/Administration/Administration.Application/Administration.Application.csproj" />
    <Project Path="src/Modules/Administration/Administration.Domain/Administration.Domain.csproj" />
    <Project Path="src/Modules/Administration/Administration.Infrastructure/Administration.Infrastructure.csproj" />
  </Folder>
  <Folder Name="/src/Modules/Content/">
    <Project Path="src/Modules/Content/Content.Application/Content.Application.csproj" />
    <Project Path="src/Modules/Content/Content.Domain/Content.Domain.csproj" />
    <Project Path="src/Modules/Content/Content.Infrastructure/Content.Infrastructure.csproj" />
  </Folder>

  <Folder Name="/src/Modules/Kids/">
    <Project Path="src/Modules/Kids/Kids.Application/Kids.Application.csproj" />
    <Project Path="src/Modules/Kids/Kids.Domain/Kids.Domain.csproj" />
    <Project Path="src/Modules/Kids/Kids.Infrastructure/Kids.Infrastructure.csproj" />
  </Folder>
  <Folder Name="/src/Modules/Notifications/">
    <Project Path="src/Modules/Notifications/Notifications.Application/Notifications.Application.csproj" />
    <Project Path="src/Modules/Notifications/Notifications.Domain/Notifications.Domain.csproj" />
    <Project Path="src/Modules/Notifications/Notifications.Infrastructure/Notifications.Infrastructure.csproj" />
  </Folder>
  <Folder Name="/src/Modules/Questions/">
    <Project Path="src/Modules/Questions/Questions.Application/Questions.Application.csproj" />
    <Project Path="src/Modules/Questions/Questions.Domain/Questions.Domain.csproj" />
    <Project Path="src/Modules/Questions/Questions.Infrastructure/Questions.Infrastructure.csproj" />
  </Folder>

  <Folder Name="/src/Modules/Recitations/">
    <Project Path="src/Modules/Recitations/Recitations.Application/Recitations.Application.csproj" />
    <Project Path="src/Modules/Recitations/Recitations.Domain/Recitations.Domain.csproj" />
    <Project Path="src/Modules/Recitations/Recitations.Infrastructure/Recitations.Infrastructure.csproj" />
  </Folder>
  <Folder Name="/src/Modules/Tasbeeh/">
    <Project Path="src/Modules/Tasbeeh/Tasbeeh.Application/Tasbeeh.Application.csproj" />
    <Project Path="src/Modules/Tasbeeh/Tasbeeh.Domain/Tasbeeh.Domain.csproj" />
    <Project Path="src/Modules/Tasbeeh/Tasbeeh.Infrastructure/Tasbeeh.Infrastructure.csproj" />
  </Folder>
</Solution>
